NeoBundleLock fzf 3cb5fef6b6e9fae3166c29daf8532aaafc3cacb9
NeoBundleLock neobundle.vim bb8cdbb5d7d9738df787a2d1f74bd9baeb762e2d
NeoBundleLock neocomplete.vim bd5cc9e73dedb07f1ab0a99cc7943ef16732e3e9
NeoBundleLock vim-dispatch eb3e564fb1edfee09fe6aeb57f3388e273da72c8
NeoBundleLock vim-easy-align 0cb6b98fc155717b0a56c110551ac57d1d951ddb
NeoBundleLock vim-fugitive 57afba5bdd49b59d57485f90aa0cf3f3a6c47f63
NeoBundleLock vim-go 3efc952a7fb754b43b4c21474046126562f83efc
NeoBundleLock vim-instant-markdown 915c6812d45c00e5ad85c8147c6179743a41ae11
NeoBundleLock vim-ruby 666adb5bcdfb2d21572a58fcdf7545a26bac32a0
NeoBundleLock vimproc.vim 9269f3861a767733cc4d9fc44668e98fabcca7e9
