NeoBundleLock delimitMate d24ad6b301685cd3b9278420248cc780fdc8fc59
NeoBundleLock neobundle.vim 0d5a8cb0565adf1d8bc8dd2571d62cefea528ab5
NeoBundleLock neocomplete.vim bcd9121e4724ac42030d0f47283b89ab5c2028d2
NeoBundleLock nerdtree bcf3de4fdffae45fc7c85b6b84a01b37177924aa
NeoBundleLock nerdtree-git-plugin d817e57d9ac01f2761ed12d6fe444905d9b2dcf0
NeoBundleLock vim-easy-align 98e0b493acae87202fba2294550957c9b5902b97
NeoBundleLock vim-fugitive b7b23001def8d2ae816ff6dd772cd50976189e0e
NeoBundleLock vim-go ad101b55db532470b82fd2771f149dd5bb8a0b2e
NeoBundleLock vimproc.vim 7190c920c29a3612d9144df4cf9527e016362cef
