NeoBundleLock delimitMate d24ad6b301685cd3b9278420248cc780fdc8fc59
NeoBundleLock neobundle.vim 5ec955740d45cd5162fa257fde89b151477e294d
NeoBundleLock neocomplete.vim bcd9121e4724ac42030d0f47283b89ab5c2028d2
NeoBundleLock nerdtree bcf3de4fdffae45fc7c85b6b84a01b37177924aa
NeoBundleLock nerdtree-git-plugin d817e57d9ac01f2761ed12d6fe444905d9b2dcf0
NeoBundleLock vim-go ad101b55db532470b82fd2771f149dd5bb8a0b2e
NeoBundleLock vimproc.vim 0555aecded8737435747e903efc4b6f3241cc62c
